// !$*UTF8*$!
{
	archiveVersion = 1;
	classes = {
	};
	objectVersion = 50;
	objects = {

/* Begin PBXBuildFile section */
		9B023B2D21AFBE1100A8A098 /* ChatTableViewController.swift in Sources */ = {isa = PBXBuildFile; fileRef = 9B023B2C21AFBE1100A8A098 /* ChatTableViewController.swift */; };
		9B023B2F21AFC0B800A8A098 /* Message.swift in Sources */ = {isa = PBXBuildFile; fileRef = 9B023B2E21AFC0B800A8A098 /* Message.swift */; };
		9B023B3121AFC37600A8A098 /* MessageTableViewCell.swift in Sources */ = {isa = PBXBuildFile; fileRef = 9B023B3021AFC37600A8A098 /* MessageTableViewCell.swift */; };
		9BE8B3FA21AFBDD2004D0DB8 /* AppDelegate.swift in Sources */ = {isa = PBXBuildFile; fileRef = 9BE8B3F921AFBDD2004D0DB8 /* AppDelegate.swift */; };
		9BE8B3FC21AFBDD2004D0DB8 /* ViewController.swift in Sources */ = {isa = PBXBuildFile; fileRef = 9BE8B3FB21AFBDD2004D0DB8 /* ViewController.swift */; };
		9BE8B3FF21AFBDD2004D0DB8 /* Main.storyboard in Resources */ = {isa = PBXBuildFile; fileRef = 9BE8B3FD21AFBDD2004D0DB8 /* Main.storyboard */; };
		9BE8B40121AFBDD4004D0DB8 /* Assets.xcassets in Resources */ = {isa = PBXBuildFile; fileRef = 9BE8B40021AFBDD4004D0DB8 /* Assets.xcassets */; };
		9BE8B40421AFBDD4004D0DB8 /* LaunchScreen.storyboard in Resources */ = {isa = PBXBuildFile; fileRef = 9BE8B40221AFBDD4004D0DB8 /* LaunchScreen.storyboard */; };
/* End PBXBuildFile section */

/* Begin PBXFileReference section */
		9B023B2C21AFBE1100A8A098 /* ChatTableViewController.swift */ = {isa = PBXFileReference; lastKnownFileType = sourcecode.swift; path = ChatTableViewController.swift; sourceTree = "<group>"; };
		9B023B2E21AFC0B800A8A098 /* Message.swift */ = {isa = PBXFileReference; lastKnownFileType = sourcecode.swift; path = Message.swift; sourceTree = "<group>"; };
		9B023B3021AFC37600A8A098 /* MessageTableViewCell.swift */ = {isa = PBXFileReference; lastKnownFileType = sourcecode.swift; path = MessageTableViewCell.swift; sourceTree = "<group>"; };
		9BE8B3F621AFBDD2004D0DB8 /* RewriteTheStars.app */ = {isa = PBXFileReference; explicitFileType = wrapper.application; includeInIndex = 0; path = RewriteTheStars.app; sourceTree = BUILT_PRODUCTS_DIR; };
		9BE8B3F921AFBDD2004D0DB8 /* AppDelegate.swift */ = {isa = PBXFileReference; lastKnownFileType = sourcecode.swift; path = AppDelegate.swift; sourceTree = "<group>"; };
		9BE8B3FB21AFBDD2004D0DB8 /* ViewController.swift */ = {isa = PBXFileReference; lastKnownFileType = sourcecode.swift; path = ViewController.swift; sourceTree = "<group>"; };
		9BE8B3FE21AFBDD2004D0DB8 /* Base */ = {isa = PBXFileReference; lastKnownFileType = file.storyboard; name = Base; path = Base.lproj/Main.storyboard; sourceTree = "<group>"; };
		9BE8B40021AFBDD4004D0DB8 /* Assets.xcassets */ = {isa = PBXFileReference; lastKnownFileType = folder.assetcatalog; path = Assets.xcassets; sourceTree = "<group>"; };
		9BE8B40321AFBDD4004D0DB8 /* Base */ = {isa = PBXFileReference; lastKnownFileType = file.storyboard; name = Base; path = Base.lproj/LaunchScreen.storyboard; sourceTree = "<group>"; };
		9BE8B40521AFBDD4004D0DB8 /* Info.plist */ = {isa = PBXFileReference; lastKnownFileType = text.plist.xml; path = Info.plist; sourceTree = "<group>"; };
/* End PBXFileReference section */

/* Begin PBXFrameworksBuildPhase section */
		9BE8B3F321AFBDD2004D0DB8 /* Frameworks */ = {
			isa = PBXFrameworksBuildPhase;
			buildActionMask = 2147483647;
			files = (
			);
			runOnlyForDeploymentPostprocessing = 0;
		};
/* End PBXFrameworksBuildPhase section */

/* Begin PBXGroup section */
		9BE8B3ED21AFBDD2004D0DB8 = {
			isa = PBXGroup;
			children = (
				9BE8B3F821AFBDD2004D0DB8 /* RewriteTheStars */,
				9BE8B3F721AFBDD2004D0DB8 /* Products */,
			);
			sourceTree = "<group>";
		};
		9BE8B3F721AFBDD2004D0DB8 /* Products */ = {
			isa = PBXGroup;
			children = (
				9BE8B3F621AFBDD2004D0DB8 /* RewriteTheStars.app */,
			);
			name = Products;
			sourceTree = "<group>";
		};
		9BE8B3F821AFBDD2004D0DB8 /* RewriteTheStars */ = {
			isa = PBXGroup;
			children = (
				9BE8B3F921AFBDD2004D0DB8 /* AppDelegate.swift */,
				9BE8B3FB21AFBDD2004D0DB8 /* ViewController.swift */,
				9BE8B3FD21AFBDD2004D0DB8 /* Main.storyboard */,
				9B023B2C21AFBE1100A8A098 /* ChatTableViewController.swift */,
				9B023B3021AFC37600A8A098 /* MessageTableViewCell.swift */,
				9B023B2E21AFC0B800A8A098 /* Message.swift */,
				9BE8B40021AFBDD4004D0DB8 /* Assets.xcassets */,
				9BE8B40221AFBDD4004D0DB8 /* LaunchScreen.storyboard */,
				9BE8B40521AFBDD4004D0DB8 /* Info.plist */,
			);
			path = RewriteTheStars;
			sourceTree = "<group>";
		};
/* End PBXGroup section */

/* Begin PBXNativeTarget section */
		9BE8B3F521AFBDD2004D0DB8 /* RewriteTheStars */ = {
			isa = PBXNativeTarget;
			buildConfigurationList = 9BE8B40821AFBDD4004D0DB8 /* Build configuration list for PBXNativeTarget "RewriteTheStars" */;
			buildPhases = (
				9BE8B3F221AFBDD2004D0DB8 /* Sources */,
				9BE8B3F321AFBDD2004D0DB8 /* Frameworks */,
				9BE8B3F421AFBDD2004D0DB8 /* Resources */,
			);
			buildRules = (
			);
			dependencies = (
			);
			name = RewriteTheStars;
			productName = LoveChat;
			productReference = 9BE8B3F621AFBDD2004D0DB8 /* RewriteTheStars.app */;
			productType = "com.apple.product-type.application";
		};
/* End PBXNativeTarget section */

/* Begin PBXProject section */
		9BE8B3EE21AFBDD2004D0DB8 /* Project object */ = {
			isa = PBXProject;
			attributes = {
				LastSwiftUpdateCheck = 1010;
				LastUpgradeCheck = 1010;
				ORGANIZATIONNAME = "SHIH-YING PAN";
				TargetAttributes = {
					9BE8B3F521AFBDD2004D0DB8 = {
						CreatedOnToolsVersion = 10.1;
					};
				};
			};
			buildConfigurationList = 9BE8B3F121AFBDD2004D0DB8 /* Build configuration list for PBXProject "RewriteTheStars" */;
			compatibilityVersion = "Xcode 9.3";
			developmentRegion = en;
			hasScannedForEncodings = 0;
			knownRegions = (
				en,
				Base,
			);
			mainGroup = 9BE8B3ED21AFBDD2004D0DB8;
			productRefGroup = 9BE8B3F721AFBDD2004D0DB8 /* Products */;
			projectDirPath = "";
			projectRoot = "";
			targets = (
				9BE8B3F521AFBDD2004D0DB8 /* RewriteTheStars */,
			);
		};
/* End PBXProject section */

/* Begin PBXResourcesBuildPhase section */
		9BE8B3F421AFBDD2004D0DB8 /* Resources */ = {
			isa = PBXResourcesBuildPhase;
			buildActionMask = 2147483647;
			files = (
				9BE8B40421AFBDD4004D0DB8 /* LaunchScreen.storyboard in Resources */,
				9BE8B40121AFBDD4004D0DB8 /* Assets.xcassets in Resources */,
				9BE8B3FF21AFBDD2004D0DB8 /* Main.storyboard in Resources */,
			);
			runOnlyForDeploymentPostprocessing = 0;
		};
/* End PBXResourcesBuildPhase section */

/* Begin PBXSourcesBuildPhase section */
		9BE8B3F221AFBDD2004D0DB8 /* Sources */ = {
			isa = PBXSourcesBuildPhase;
			buildActionMask = 2147483647;
			files = (
				9BE8B3FC21AFBDD2004D0DB8 /* ViewController.swift in Sources */,
				9B023B2F21AFC0B800A8A098 /* Message.swift in Sources */,
				9BE8B3FA21AFBDD2004D0DB8 /* AppDelegate.swift in Sources */,
				9B023B3121AFC37600A8A098 /* MessageTableViewCell.swift in Sources */,
				9B023B2D21AFBE1100A8A098 /* ChatTableViewController.swift in Sources */,
			);
			runOnlyForDeploymentPostprocessing = 0;
		};
/* End PBXSourcesBuildPhase section */

/* Begin PBXVariantGroup section */
		9BE8B3FD21AFBDD2004D0DB8 /* Main.storyboard */ = {
			isa = PBXVariantGroup;
			children = (
				9BE8B3FE21AFBDD2004D0DB8 /* Base */,
			);
			name = Main.storyboard;
			sourceTree = "<group>";
		};
		9BE8B40221AFBDD4004D0DB8 /* LaunchScreen.storyboard */ = {
			isa = PBXVariantGroup;
			children = (
				9BE8B40321AFBDD4004D0DB8 /* Base */,
			);
			name = LaunchScreen.storyboard;
			sourceTree = "<group>";
		};
/* End PBXVariantGroup section */

/* Begin XCBuildConfiguration section */
		9BE8B40621AFBDD4004D0DB8 /* Debug */ = {
			isa = XCBuildConfiguration;
			buildSettings = {
				ALWAYS_SEARCH_USER_PATHS = NO;
				CLANG_ANALYZER_NONNULL = YES;
				CLANG_ANALYZER_NUMBER_OBJECT_CONVERSION = YES_AGGRESSIVE;
				CLANG_CXX_LANGUAGE_STANDARD = "gnu++14";
				CLANG_CXX_LIBRARY = "libc++";
				CLANG_ENABLE_MODULES = YES;
				CLANG_ENABLE_OBJC_ARC = YES;
				CLANG_ENABLE_OBJC_WEAK = YES;
				CLANG_WARN_BLOCK_CAPTURE_AUTORELEASING = YES;
				CLANG_WARN_BOOL_CONVERSION = YES;
				CLANG_WARN_COMMA = YES;
				CLANG_WARN_CONSTANT_CONVERSION = YES;
				CLANG_WARN_DEPRECATED_OBJC_IMPLEMENTATIONS = YES;
				CLANG_WARN_DIRECT_OBJC_ISA_USAGE = YES_ERROR;
				CLANG_WARN_DOCUMENTATION_COMMENTS = YES;
				CLANG_WARN_EMPTY_BODY = YES;
				CLANG_WARN_ENUM_CONVERSION = YES;
				CLANG_WARN_INFINITE_RECURSION = YES;
				CLANG_WARN_INT_CONVERSION = YES;
				CLANG_WARN_NON_LITERAL_NULL_CONVERSION = YES;
				CLANG_WARN_OBJC_IMPLICIT_RETAIN_SELF = YES;
				CLANG_WARN_OBJC_LITERAL_CONVERSION = YES;
				CLANG_WARN_OBJC_ROOT_CLASS = YES_ERROR;
				CLANG_WARN_RANGE_LOOP_ANALYSIS = YES;
				CLANG_WARN_STRICT_PROTOTYPES = YES;
				CLANG_WARN_SUSPICIOUS_MOVE = YES;
				CLANG_WARN_UNGUARDED_AVAILABILITY = YES_AGGRESSIVE;
				CLANG_WARN_UNREACHABLE_CODE = YES;
				CLANG_WARN__DUPLICATE_METHOD_MATCH = YES;
				CODE_SIGN_IDENTITY = "iPhone Developer";
				COPY_PHASE_STRIP = NO;
				DEBUG_INFORMATION_FORMAT = dwarf;
				ENABLE_STRICT_OBJC_MSGSEND = YES;
				ENABLE_TESTABILITY = YES;
				GCC_C_LANGUAGE_STANDARD = gnu11;
				GCC_DYNAMIC_NO_PIC = NO;
				GCC_NO_COMMON_BLOCKS = YES;
				GCC_OPTIMIZATION_LEVEL = 0;
				GCC_PREPROCESSOR_DEFINITIONS = (
					"DEBUG=1",
					"$(inherited)",
				);
				GCC_WARN_64_TO_32_BIT_CONVERSION = YES;
				GCC_WARN_ABOUT_RETURN_TYPE = YES_ERROR;
				GCC_WARN_UNDECLARED_SELECTOR = YES;
				GCC_WARN_UNINITIALIZED_AUTOS = YES_AGGRESSIVE;
				GCC_WARN_UNUSED_FUNCTION = YES;
				GCC_WARN_UNUSED_VARIABLE = YES;
				IPHONEOS_DEPLOYMENT_TARGET = 12.1;
				MTL_ENABLE_DEBUG_INFO = INCLUDE_SOURCE;
				MTL_FAST_MATH = YES;
				ONLY_ACTIVE_ARCH = YES;
				SDKROOT = iphoneos;
				SWIFT_ACTIVE_COMPILATION_CONDITIONS = DEBUG;
				SWIFT_OPTIMIZATION_LEVEL = "-Onone";
			};
			name = Debug;
		};
		9BE8B40721AFBDD4004D0DB8 /* Release */ = {
			isa = XCBuildConfiguration;
			buildSettings = {
				ALWAYS_SEARCH_USER_PATHS = NO;
				CLANG_ANALYZER_NONNULL = YES;
				CLANG_ANALYZER_NUMBER_OBJECT_CONVERSION = YES_AGGRESSIVE;
				CLANG_CXX_LANGUAGE_STANDARD = "gnu++14";
				CLANG_CXX_LIBRARY = "libc++";
				CLANG_ENABLE_MODULES = YES;
				CLANG_ENABLE_OBJC_ARC = YES;
				CLANG_ENABLE_OBJC_WEAK = YES;
				CLANG_WARN_BLOCK_CAPTURE_AUTORELEASING = YES;
				CLANG_WARN_BOOL_CONVERSION = YES;
				CLANG_WARN_COMMA = YES;
				CLANG_WARN_CONSTANT_CONVERSION = YES;
				CLANG_WARN_DEPRECATED_OBJC_IMPLEMENTATIONS = YES;
				CLANG_WARN_DIRECT_OBJC_ISA_USAGE = YES_ERROR;
				CLANG_WARN_DOCUMENTATION_COMMENTS = YES;
				CLANG_WARN_EMPTY_BODY = YES;
				CLANG_WARN_ENUM_CONVERSION = YES;
				CLANG_WARN_INFINITE_RECURSION = YES;
				CLANG_WARN_INT_CONVERSION = YES;
				CLANG_WARN_NON_LITERAL_NULL_CONVERSION = YES;
				CLANG_WARN_OBJC_IMPLICIT_RETAIN_SELF = YES;
				CLANG_WARN_OBJC_LITERAL_CONVERSION = YES;
				CLANG_WARN_OBJC_ROOT_CLASS = YES_ERROR;
				CLANG_WARN_RANGE_LOOP_ANALYSIS = YES;
				CLANG_WARN_STRICT_PROTOTYPES = YES;
				CLANG_WARN_SUSPICIOUS_MOVE = YES;
				CLANG_WARN_UNGUARDED_AVAILABILITY = YES_AGGRESSIVE;
				CLANG_WARN_UNREACHABLE_CODE = YES;
				CLANG_WARN__DUPLICATE_METHOD_MATCH = YES;
				CODE_SIGN_IDENTITY = "iPhone Developer";
				COPY_PHASE_STRIP = NO;
				DEBUG_INFORMATION_FORMAT = "dwarf-with-dsym";
				ENABLE_NS_ASSERTIONS = NO;
				ENABLE_STRICT_OBJC_MSGSEND = YES;
				GCC_C_LANGUAGE_STANDARD = gnu11;
				GCC_NO_COMMON_BLOCKS = YES;
				GCC_WARN_64_TO_32_BIT_CONVERSION = YES;
				GCC_WARN_ABOUT_RETURN_TYPE = YES_ERROR;
				GCC_WARN_UNDECLARED_SELECTOR = YES;
				GCC_WARN_UNINITIALIZED_AUTOS = YES_AGGRESSIVE;
				GCC_WARN_UNUSED_FUNCTION = YES;
				GCC_WARN_UNUSED_VARIABLE = YES;
				IPHONEOS_DEPLOYMENT_TARGET = 12.1;
				MTL_ENABLE_DEBUG_INFO = NO;
				MTL_FAST_MATH = YES;
				SDKROOT = iphoneos;
				SWIFT_COMPILATION_MODE = wholemodule;
				SWIFT_OPTIMIZATION_LEVEL = "-O";
				VALIDATE_PRODUCT = YES;
			};
			name = Release;
		};
		9BE8B40921AFBDD4004D0DB8 /* Debug */ = {
			isa = XCBuildConfiguration;
			buildSettings = {
				ASSETCATALOG_COMPILER_APPICON_NAME = AppIcon;
				CODE_SIGN_STYLE = Automatic;
				INFOPLIST_FILE = RewriteTheStars/Info.plist;
				LD_RUNPATH_SEARCH_PATHS = (
					"$(inherited)",
					"@executable_path/Frameworks",
				);
				PRODUCT_BUNDLE_IDENTIFIER = com.gmb728.RewriteTheStars;
				PRODUCT_NAME = "$(TARGET_NAME)";
				SWIFT_VERSION = 4.2;
				TARGETED_DEVICE_FAMILY = "1,2";
			};
			name = Debug;
		};
		9BE8B40A21AFBDD4004D0DB8 /* Release */ = {
			isa = XCBuildConfiguration;
			buildSettings = {
				ASSETCATALOG_COMPILER_APPICON_NAME = AppIcon;
				CODE_SIGN_STYLE = Automatic;
				INFOPLIST_FILE = RewriteTheStars/Info.plist;
				LD_RUNPATH_SEARCH_PATHS = (
					"$(inherited)",
					"@executable_path/Frameworks",
				);
				PRODUCT_BUNDLE_IDENTIFIER = com.gmb728.RewriteTheStars;
				PRODUCT_NAME = "$(TARGET_NAME)";
				SWIFT_VERSION = 4.2;
				TARGETED_DEVICE_FAMILY = "1,2";
			};
			name = Release;
		};
/* End XCBuildConfiguration section */

/* Begin XCConfigurationList section */
		9BE8B3F121AFBDD2004D0DB8 /* Build configuration list for PBXProject "RewriteTheStars" */ = {
			isa = XCConfigurationList;
			buildConfigurations = (
				9BE8B40621AFBDD4004D0DB8 /* Debug */,
				9BE8B40721AFBDD4004D0DB8 /* Release */,
			);
			defaultConfigurationIsVisible = 0;
			defaultConfigurationName = Release;
		};
		9BE8B40821AFBDD4004D0DB8 /* Build configuration list for PBXNativeTarget "RewriteTheStars" */ = {
			isa = XCConfigurationList;
			buildConfigurations = (
				9BE8B40921AFBDD4004D0DB8 /* Debug */,
				9BE8B40A21AFBDD4004D0DB8 /* Release */,
			);
			defaultConfigurationIsVisible = 0;
			defaultConfigurationName = Release;
		};
/* End XCConfigurationList section */
	};
	rootObject = 9BE8B3EE21AFBDD2004D0DB8 /* Project object */;
}
